
Microsoft Visual Studio Solution File, Format Version 12.00
# Visual Studio Version 17
VisualStudioVersion = 17.7.34024.191
MinimumVisualStudioVersion = 10.0.40219.1
Project("{FAE04EC0-301F-11D3-BF4B-00C04F79EFBC}") = "CarSystem", "CarSystem\CarSystem.csproj", "{60ACA546-181A-42D6-AEA3-ABA77B2BECC9}"
EndProject
Global
	GlobalSection(SolutionConfigurationPlatforms) = preSolution
		Debug|Any CPU = Debug|Any CPU
		Release|Any CPU = Release|Any CPU
	EndGlobalSection
	GlobalSection(ProjectConfigurationPlatforms) = postSolution
		{60ACA546-181A-42D6-AEA3-ABA77B2BECC9}.Debug|Any CPU.ActiveCfg = Debug|Any CPU
		{60ACA546-181A-42D6-AEA3-ABA77B2BECC9}.Debug|Any CPU.Build.0 = Debug|Any CPU
		{60ACA546-181A-42D6-AEA3-ABA77B2BECC9}.Release|Any CPU.ActiveCfg = Release|Any CPU
		{60ACA546-181A-42D6-AEA3-ABA77B2BECC9}.Release|Any CPU.Build.0 = Release|Any CPU
	EndGlobalSection
	GlobalSection(SolutionProperties) = preSolution
		HideSolutionNode = FALSE
	EndGlobalSection
	GlobalSection(ExtensibilityGlobals) = postSolution
		SolutionGuid = {8D8F2091-6288-4964-810E-2C21049C729B}
	EndGlobalSection
EndGlobal
